<?xml version="1.0" encoding="utf-8"?>
<Project ToolsVersion="4.0" xmlns="http://schemas.microsoft.com/developer/msbuild/2003">
  <ItemGroup>
    <Filter Include="Source Files">
      <UniqueIdentifier>{4FC737F1-C7A5-4376-A066-2A32D752A2FF}</UniqueIdentifier>
      <Extensions>cpp;c;cc;cxx;c++;cppm;ixx;def;odl;idl;hpj;bat;asm;asmx</Extensions>
    </Filter>
    <Filter Include="Header Files">
      <UniqueIdentifier>{93995380-89BD-4b04-88EB-625FBE52EBFB}</UniqueIdentifier>
      <Extensions>h;hh;hpp;hxx;h++;hm;inl;inc;ipp;xsd</Extensions>
    </Filter>
    <Filter Include="Resource Files">
      <UniqueIdentifier>{67DA6AB6-F800-4c08-8B7A-83BB121AAD01}</UniqueIdentifier>
      <Extensions>rc;ico;cur;bmp;dlg;rc2;rct;bin;rgs;gif;jpg;jpeg;jpe;resx;tiff;tif;png;wav;mfcribbon-ms</Extensions>
    </Filter>
  </ItemGroup>
  <ItemGroup>
    <ClCompile Include="src\main.cpp">
      <Filter>Source Files</Filter>
    </ClCompile>
    <ClCompile Include="src\Game.cpp">
      <Filter>Source Files</Filter>
    </ClCompile>
    <ClCompile Include="src\states\MenuState.cpp">
      <Filter>Source Files</Filter>
    </ClCompile>
    <ClCompile Include="src\states\PlayState.cpp">
      <Filter>Source Files</Filter>
    </ClCompile>
    <ClCompile Include="deps\raygui-cpp\src\raygui-cpp\Bounds.cpp">
      <Filter>Source Files</Filter>
    </ClCompile>
    <ClCompile Include="deps\raygui-cpp\src\raygui-cpp\Button.cpp">
      <Filter>Source Files</Filter>
    </ClCompile>
    <ClCompile Include="deps\raygui-cpp\src\raygui-cpp\CheckBox.cpp">
      <Filter>Source Files</Filter>
    </ClCompile>
    <ClCompile Include="deps\raygui-cpp\src\raygui-cpp\ColorBarAlpha.cpp">
      <Filter>Source Files</Filter>
    </ClCompile>
    <ClCompile Include="deps\raygui-cpp\src\raygui-cpp\ColorBarHue.cpp">
      <Filter>Source Files</Filter>
    </ClCompile>
    <ClCompile Include="deps\raygui-cpp\src\raygui-cpp\ColorPanel.cpp">
      <Filter>Source Files</Filter>
    </ClCompile>
    <ClCompile Include="deps\raygui-cpp\src\raygui-cpp\ColorPanelHSV.cpp">
      <Filter>Source Files</Filter>
    </ClCompile>
    <ClCompile Include="deps\raygui-cpp\src\raygui-cpp\ColorPicker.cpp">
      <Filter>Source Files</Filter>
    </ClCompile>
    <ClCompile Include="deps\raygui-cpp\src\raygui-cpp\ColorPickerHSV.cpp">
      <Filter>Source Files</Filter>
    </ClCompile>
    <ClCompile Include="deps\raygui-cpp\src\raygui-cpp\ComboBox.cpp">
      <Filter>Source Files</Filter>
    </ClCompile>
    <ClCompile Include="deps\raygui-cpp\src\raygui-cpp\DropdownBox.cpp">
      <Filter>Source Files</Filter>
    </ClCompile>
    <ClCompile Include="deps\raygui-cpp\src\raygui-cpp\DummyRec.cpp">
      <Filter>Source Files</Filter>
    </ClCompile>
    <ClCompile Include="deps\raygui-cpp\src\raygui-cpp\Globals.cpp">
      <Filter>Source Files</Filter>
    </ClCompile>
    <ClCompile Include="deps\raygui-cpp\src\raygui-cpp\Grid.cpp">
      <Filter>Source Files</Filter>
    </ClCompile>
    <ClCompile Include="deps\raygui-cpp\src\raygui-cpp\GroupBox.cpp">
      <Filter>Source Files</Filter>
    </ClCompile>
    <ClCompile Include="deps\raygui-cpp\src\raygui-cpp\Label.cpp">
      <Filter>Source Files</Filter>
    </ClCompile>
    <ClCompile Include="deps\raygui-cpp\src\raygui-cpp\LabelButton.cpp">
      <Filter>Source Files</Filter>
    </ClCompile>
    <ClCompile Include="deps\raygui-cpp\src\raygui-cpp\Line.cpp">
      <Filter>Source Files</Filter>
    </ClCompile>
    <ClCompile Include="deps\raygui-cpp\src\raygui-cpp\ListView.cpp">
      <Filter>Source Files</Filter>
    </ClCompile>
    <ClCompile Include="deps\raygui-cpp\src\raygui-cpp\ListViewEx.cpp">
      <Filter>Source Files</Filter>
    </ClCompile>
    <ClCompile Include="deps\raygui-cpp\src\raygui-cpp\MessageBox.cpp">
      <Filter>Source Files</Filter>
    </ClCompile>
    <ClCompile Include="deps\raygui-cpp\src\raygui-cpp\Paintable.cpp">
      <Filter>Source Files</Filter>
    </ClCompile>
    <ClCompile Include="deps\raygui-cpp\src\raygui-cpp\Panel.cpp">
      <Filter>Source Files</Filter>
    </ClCompile>
    <ClCompile Include="deps\raygui-cpp\src\raygui-cpp\ProgressBar.cpp">
      <Filter>Source Files</Filter>
    </ClCompile>
    <ClCompile Include="deps\raygui-cpp\src\raygui-cpp\ScrollPanel.cpp">
      <Filter>Source Files</Filter>
    </ClCompile>
    <ClCompile Include="deps\raygui-cpp\src\raygui-cpp\Slider.cpp">
      <Filter>Source Files</Filter>
    </ClCompile>
    <ClCompile Include="deps\raygui-cpp\src\raygui-cpp\SliderBar.cpp">
      <Filter>Source Files</Filter>
    </ClCompile>
    <ClCompile Include="deps\raygui-cpp\src\raygui-cpp\Spinner.cpp">
      <Filter>Source Files</Filter>
    </ClCompile>
    <ClCompile Include="deps\raygui-cpp\src\raygui-cpp\StatusBar.cpp">
      <Filter>Source Files</Filter>
    </ClCompile>
    <ClCompile Include="deps\raygui-cpp\src\raygui-cpp\Style.cpp">
      <Filter>Source Files</Filter>
    </ClCompile>
    <ClCompile Include="deps\raygui-cpp\src\raygui-cpp\TabBar.cpp">
      <Filter>Source Files</Filter>
    </ClCompile>
    <ClCompile Include="deps\raygui-cpp\src\raygui-cpp\TextBox.cpp">
      <Filter>Source Files</Filter>
    </ClCompile>
    <ClCompile Include="deps\raygui-cpp\src\raygui-cpp\TextInputBox.cpp">
      <Filter>Source Files</Filter>
    </ClCompile>
    <ClCompile Include="deps\raygui-cpp\src\raygui-cpp\Toggle.cpp">
      <Filter>Source Files</Filter>
    </ClCompile>
    <ClCompile Include="deps\raygui-cpp\src\raygui-cpp\ToggleGroup.cpp">
      <Filter>Source Files</Filter>
    </ClCompile>
    <ClCompile Include="deps\raygui-cpp\src\raygui-cpp\ToggleSlider.cpp">
      <Filter>Source Files</Filter>
    </ClCompile>
    <ClCompile Include="deps\raygui-cpp\src\raygui-cpp\ValueBox.cpp">
      <Filter>Source Files</Filter>
    </ClCompile>
    <ClCompile Include="deps\raygui-cpp\src\raygui-cpp\WindowBox.cpp">
      <Filter>Source Files</Filter>
    </ClCompile>
    <ClCompile Include="src\GUI\GUI.cpp">
      <Filter>Source Files</Filter>
    </ClCompile>
  </ItemGroup>
  <ItemGroup>
    <ClInclude Include="src\Game.h">
      <Filter>Header Files</Filter>
    </ClInclude>
    <ClInclude Include="src\IGameState.h">
      <Filter>Header Files</Filter>
    </ClInclude>
    <ClInclude Include="src\states\MenuState.h">
      <Filter>Header Files</Filter>
    </ClInclude>
    <ClInclude Include="src\states\PlayState.h">
      <Filter>Header Files</Filter>
    </ClInclude>
    <ClInclude Include="deps\raygui-cpp\include\raygui-cpp\Bounds.h">
      <Filter>Header Files</Filter>
    </ClInclude>
    <ClInclude Include="deps\raygui-cpp\include\raygui-cpp\Button.h">
      <Filter>Header Files</Filter>
    </ClInclude>
    <ClInclude Include="deps\raygui-cpp\include\raygui-cpp\CheckBox.h">
      <Filter>Header Files</Filter>
    </ClInclude>
    <ClInclude Include="deps\raygui-cpp\include\raygui-cpp\ColorBarAlpha.h">
      <Filter>Header Files</Filter>
    </ClInclude>
    <ClInclude Include="deps\raygui-cpp\include\raygui-cpp\ColorBarHue.h">
      <Filter>Header Files</Filter>
    </ClInclude>
    <ClInclude Include="deps\raygui-cpp\include\raygui-cpp\ColorPanel.h">
      <Filter>Header Files</Filter>
    </ClInclude>
    <ClInclude Include="deps\raygui-cpp\include\raygui-cpp\ColorPanelHSV.h">
      <Filter>Header Files</Filter>
    </ClInclude>
    <ClInclude Include="deps\raygui-cpp\include\raygui-cpp\ColorPicker.h">
      <Filter>Header Files</Filter>
    </ClInclude>
    <ClInclude Include="deps\raygui-cpp\include\raygui-cpp\ColorPickerHSV.h">
      <Filter>Header Files</Filter>
    </ClInclude>
    <ClInclude Include="deps\raygui-cpp\include\raygui-cpp\ComboBox.h">
      <Filter>Header Files</Filter>
    </ClInclude>
    <ClInclude Include="deps\raygui-cpp\include\raygui-cpp\Component.h">
      <Filter>Header Files</Filter>
    </ClInclude>
    <ClInclude Include="deps\raygui-cpp\include\raygui-cpp\Directives.h">
      <Filter>Header Files</Filter>
    </ClInclude>
    <ClInclude Include="deps\raygui-cpp\include\raygui-cpp\DropdownBox.h">
      <Filter>Header Files</Filter>
    </ClInclude>
    <ClInclude Include="deps\raygui-cpp\include\raygui-cpp\DummyRec.h">
      <Filter>Header Files</Filter>
    </ClInclude>
    <ClInclude Include="deps\raygui-cpp\include\raygui-cpp\Globals.h">
      <Filter>Header Files</Filter>
    </ClInclude>
    <ClInclude Include="deps\raygui-cpp\include\raygui-cpp\Grid.h">
      <Filter>Header Files</Filter>
    </ClInclude>
    <ClInclude Include="deps\raygui-cpp\include\raygui-cpp\GroupBox.h">
      <Filter>Header Files</Filter>
    </ClInclude>
    <ClInclude Include="deps\raygui-cpp\include\raygui-cpp\Label.h">
      <Filter>Header Files</Filter>
    </ClInclude>
    <ClInclude Include="deps\raygui-cpp\include\raygui-cpp\LabelButton.h">
      <Filter>Header Files</Filter>
    </ClInclude>
    <ClInclude Include="deps\raygui-cpp\include\raygui-cpp\Line.h">
      <Filter>Header Files</Filter>
    </ClInclude>
    <ClInclude Include="deps\raygui-cpp\include\raygui-cpp\ListView.h">
      <Filter>Header Files</Filter>
    </ClInclude>
    <ClInclude Include="deps\raygui-cpp\include\raygui-cpp\ListViewEx.h">
      <Filter>Header Files</Filter>
    </ClInclude>
    <ClInclude Include="deps\raygui-cpp\include\raygui-cpp\Margin.h">
      <Filter>Header Files</Filter>
    </ClInclude>
    <ClInclude Include="deps\raygui-cpp\include\raygui-cpp\MessageBox.h">
      <Filter>Header Files</Filter>
    </ClInclude>
    <ClInclude Include="deps\raygui-cpp\include\raygui-cpp\Paintable.h">
      <Filter>Header Files</Filter>
    </ClInclude>
    <ClInclude Include="deps\raygui-cpp\include\raygui-cpp\Panel.h">
      <Filter>Header Files</Filter>
    </ClInclude>
    <ClInclude Include="deps\raygui-cpp\include\raygui-cpp\ProgressBar.h">
      <Filter>Header Files</Filter>
    </ClInclude>
    <ClInclude Include="deps\raygui-cpp\include\raygui-cpp\ScrollPanel.h">
      <Filter>Header Files</Filter>
    </ClInclude>
    <ClInclude Include="deps\raygui-cpp\include\raygui-cpp\Slider.h">
      <Filter>Header Files</Filter>
    </ClInclude>
    <ClInclude Include="deps\raygui-cpp\include\raygui-cpp\SliderBar.h">
      <Filter>Header Files</Filter>
    </ClInclude>
    <ClInclude Include="deps\raygui-cpp\include\raygui-cpp\Spinner.h">
      <Filter>Header Files</Filter>
    </ClInclude>
    <ClInclude Include="deps\raygui-cpp\include\raygui-cpp\StatusBar.h">
      <Filter>Header Files</Filter>
    </ClInclude>
    <ClInclude Include="deps\raygui-cpp\include\raygui-cpp\Style.h">
      <Filter>Header Files</Filter>
    </ClInclude>
    <ClInclude Include="deps\raygui-cpp\include\raygui-cpp\TabBar.h">
      <Filter>Header Files</Filter>
    </ClInclude>
    <ClInclude Include="deps\raygui-cpp\include\raygui-cpp\TextBox.h">
      <Filter>Header Files</Filter>
    </ClInclude>
    <ClInclude Include="deps\raygui-cpp\include\raygui-cpp\TextInputBox.h">
      <Filter>Header Files</Filter>
    </ClInclude>
    <ClInclude Include="deps\raygui-cpp\include\raygui-cpp\Toggle.h">
      <Filter>Header Files</Filter>
    </ClInclude>
    <ClInclude Include="deps\raygui-cpp\include\raygui-cpp\ToggleGroup.h">
      <Filter>Header Files</Filter>
    </ClInclude>
    <ClInclude Include="deps\raygui-cpp\include\raygui-cpp\ToggleSlider.h">
      <Filter>Header Files</Filter>
    </ClInclude>
    <ClInclude Include="deps\raygui-cpp\include\raygui-cpp\Utils.h">
      <Filter>Header Files</Filter>
    </ClInclude>
    <ClInclude Include="deps\raygui-cpp\include\raygui-cpp\ValueBox.h">
      <Filter>Header Files</Filter>
    </ClInclude>
    <ClInclude Include="deps\raygui-cpp\include\raygui-cpp\WindowBox.h">
      <Filter>Header Files</Filter>
    </ClInclude>
    <ClInclude Include="deps\raygui-cpp\include\raygui-cpp.h">
      <Filter>Header Files</Filter>
    </ClInclude>
    <ClInclude Include="deps\raygui-cpp\include\raygui.h">
      <Filter>Header Files</Filter>
    </ClInclude>
    <ClInclude Include="src\GUI\GUI.h">
      <Filter>Header Files</Filter>
    </ClInclude>
  </ItemGroup>
</Project>